// !$*UTF8*$!
{
	archiveVersion = 1;
	classes = {
	};
	objectVersion = 50;
	objects = {

/* Begin PBXBuildFile section */
		AA808A802677B1870046FB43 /* AppDelegate.swift in Sources */ = {isa = PBXBuildFile; fileRef = AA808A7F2677B1870046FB43 /* AppDelegate.swift */; };
		AA808A822677B1870046FB43 /* SceneDelegate.swift in Sources */ = {isa = PBXBuildFile; fileRef = AA808A812677B1870046FB43 /* SceneDelegate.swift */; };
		AA808A872677B1870046FB43 /* Main.storyboard in Resources */ = {isa = PBXBuildFile; fileRef = AA808A852677B1870046FB43 /* Main.storyboard */; };
		AA808A892677B1880046FB43 /* Assets.xcassets in Resources */ = {isa = PBXBuildFile; fileRef = AA808A882677B1880046FB43 /* Assets.xcassets */; };
		AA808A8C2677B1880046FB43 /* LaunchScreen.storyboard in Resources */ = {isa = PBXBuildFile; fileRef = AA808A8A2677B1880046FB43 /* LaunchScreen.storyboard */; };
/* End PBXBuildFile section */

/* Begin PBXFileReference section */
		AA808A7C2677B1870046FB43 /* SuperheroLibrary.app */ = {isa = PBXFileReference; explicitFileType = wrapper.application; includeInIndex = 0; path = SuperheroLibrary.app; sourceTree = BUILT_PRODUCTS_DIR; };
		AA808A7F2677B1870046FB43 /* AppDelegate.swift */ = {isa = PBXFileReference; lastKnownFileType = sourcecode.swift; path = AppDelegate.swift; sourceTree = "<group>"; };
		AA808A812677B1870046FB43 /* SceneDelegate.swift */ = {isa = PBXFileReference; lastKnownFileType = sourcecode.swift; path = SceneDelegate.swift; sourceTree = "<group>"; };
		AA808A862677B1870046FB43 /* Base */ = {isa = PBXFileReference; lastKnownFileType = file.storyboard; name = Base; path = Base.lproj/Main.storyboard; sourceTree = "<group>"; };
		AA808A882677B1880046FB43 /* Assets.xcassets */ = {isa = PBXFileReference; lastKnownFileType = folder.assetcatalog; path = Assets.xcassets; sourceTree = "<group>"; };
		AA808A8B2677B1880046FB43 /* Base */ = {isa = PBXFileReference; lastKnownFileType = file.storyboard; name = Base; path = Base.lproj/LaunchScreen.storyboard; sourceTree = "<group>"; };
		AA808A8D2677B1880046FB43 /* Info.plist */ = {isa = PBXFileReference; lastKnownFileType = text.plist.xml; path = Info.plist; sourceTree = "<group>"; };
/* End PBXFileReference section */

/* Begin PBXFrameworksBuildPhase section */
		AA808A792677B1870046FB43 /* Frameworks */ = {
			isa = PBXFrameworksBuildPhase;
			buildActionMask = 2147483647;
			files = (
			);
			runOnlyForDeploymentPostprocessing = 0;
		};
/* End PBXFrameworksBuildPhase section */

/* Begin PBXGroup section */
		AA808A732677B1870046FB43 = {
			isa = PBXGroup;
			children = (
				AA808A7E2677B1870046FB43 /* SuperheroLibrary */,
				AA808A7D2677B1870046FB43 /* Products */,
			);
			sourceTree = "<group>";
		};
		AA808A7D2677B1870046FB43 /* Products */ = {
			isa = PBXGroup;
			children = (
				AA808A7C2677B1870046FB43 /* SuperheroLibrary.app */,
			);
			name = Products;
			sourceTree = "<group>";
		};
		AA808A7E2677B1870046FB43 /* SuperheroLibrary */ = {
			isa = PBXGroup;
			children = (
				AA808A992677B1D00046FB43 /* Models */,
				AA808A972677B1C50046FB43 /* Controllers */,
				AA808A942677B1A80046FB43 /* Views */,
				AA808A932677B1950046FB43 /* Resources */,
			);
			path = SuperheroLibrary;
			sourceTree = "<group>";
		};
		AA808A932677B1950046FB43 /* Resources */ = {
			isa = PBXGroup;
			children = (
				AA808A7F2677B1870046FB43 /* AppDelegate.swift */,
				AA808A812677B1870046FB43 /* SceneDelegate.swift */,
				AA808A882677B1880046FB43 /* Assets.xcassets */,
				AA808A8D2677B1880046FB43 /* Info.plist */,
			);
			path = Resources;
			sourceTree = "<group>";
		};
		AA808A942677B1A80046FB43 /* Views */ = {
			isa = PBXGroup;
			children = (
				AA808A952677B1AC0046FB43 /* Storyboards */,
			);
			path = Views;
			sourceTree = "<group>";
		};
		AA808A952677B1AC0046FB43 /* Storyboards */ = {
			isa = PBXGroup;
			children = (
				AA808A8A2677B1880046FB43 /* LaunchScreen.storyboard */,
				AA808A852677B1870046FB43 /* Main.storyboard */,
			);
			path = Storyboards;
			sourceTree = "<group>";
		};
		AA808A962677B1BF0046FB43 /* View Controllers */ = {
			isa = PBXGroup;
			children = (
			);
			path = "View Controllers";
			sourceTree = "<group>";
		};
		AA808A972677B1C50046FB43 /* Controllers */ = {
			isa = PBXGroup;
			children = (
				AA808A982677B1CB0046FB43 /* Model Controllers */,
				AA808A962677B1BF0046FB43 /* View Controllers */,
			);
			path = Controllers;
			sourceTree = "<group>";
		};
		AA808A982677B1CB0046FB43 /* Model Controllers */ = {
			isa = PBXGroup;
			children = (
			);
			path = "Model Controllers";
			sourceTree = "<group>";
		};
		AA808A992677B1D00046FB43 /* Models */ = {
			isa = PBXGroup;
			children = (
			);
			path = Models;
			sourceTree = "<group>";
		};
/* End PBXGroup section */

/* Begin PBXNativeTarget section */
		AA808A7B2677B1870046FB43 /* SuperheroLibrary */ = {
			isa = PBXNativeTarget;
			buildConfigurationList = AA808A902677B1880046FB43 /* Build configuration list for PBXNativeTarget "SuperheroLibrary" */;
			buildPhases = (
				AA808A782677B1870046FB43 /* Sources */,
				AA808A792677B1870046FB43 /* Frameworks */,
				AA808A7A2677B1870046FB43 /* Resources */,
			);
			buildRules = (
			);
			dependencies = (
			);
			name = SuperheroLibrary;
			productName = SuperheroLibrary;
			productReference = AA808A7C2677B1870046FB43 /* SuperheroLibrary.app */;
			productType = "com.apple.product-type.application";
		};
/* End PBXNativeTarget section */

/* Begin PBXProject section */
		AA808A742677B1870046FB43 /* Project object */ = {
			isa = PBXProject;
			attributes = {
				LastSwiftUpdateCheck = 1250;
				LastUpgradeCheck = 1250;
				TargetAttributes = {
					AA808A7B2677B1870046FB43 = {
						CreatedOnToolsVersion = 12.5;
					};
				};
			};
			buildConfigurationList = AA808A772677B1870046FB43 /* Build configuration list for PBXProject "SuperheroLibrary" */;
			compatibilityVersion = "Xcode 9.3";
			developmentRegion = en;
			hasScannedForEncodings = 0;
			knownRegions = (
				en,
				Base,
			);
			mainGroup = AA808A732677B1870046FB43;
			productRefGroup = AA808A7D2677B1870046FB43 /* Products */;
			projectDirPath = "";
			projectRoot = "";
			targets = (
				AA808A7B2677B1870046FB43 /* SuperheroLibrary */,
			);
		};
/* End PBXProject section */

/* Begin PBXResourcesBuildPhase section */
		AA808A7A2677B1870046FB43 /* Resources */ = {
			isa = PBXResourcesBuildPhase;
			buildActionMask = 2147483647;
			files = (
				AA808A8C2677B1880046FB43 /* LaunchScreen.storyboard in Resources */,
				AA808A892677B1880046FB43 /* Assets.xcassets in Resources */,
				AA808A872677B1870046FB43 /* Main.storyboard in Resources */,
			);
			runOnlyForDeploymentPostprocessing = 0;
		};
/* End PBXResourcesBuildPhase section */

/* Begin PBXSourcesBuildPhase section */
		AA808A782677B1870046FB43 /* Sources */ = {
			isa = PBXSourcesBuildPhase;
			buildActionMask = 2147483647;
			files = (
				AA808A802677B1870046FB43 /* AppDelegate.swift in Sources */,
				AA808A822677B1870046FB43 /* SceneDelegate.swift in Sources */,
			);
			runOnlyForDeploymentPostprocessing = 0;
		};
/* End PBXSourcesBuildPhase section */

/* Begin PBXVariantGroup section */
		AA808A852677B1870046FB43 /* Main.storyboard */ = {
			isa = PBXVariantGroup;
			children = (
				AA808A862677B1870046FB43 /* Base */,
			);
			name = Main.storyboard;
			sourceTree = "<group>";
		};
		AA808A8A2677B1880046FB43 /* LaunchScreen.storyboard */ = {
			isa = PBXVariantGroup;
			children = (
				AA808A8B2677B1880046FB43 /* Base */,
			);
			name = LaunchScreen.storyboard;
			sourceTree = "<group>";
		};
/* End PBXVariantGroup section */

/* Begin XCBuildConfiguration section */
		AA808A8E2677B1880046FB43 /* Debug */ = {
			isa = XCBuildConfiguration;
			buildSettings = {
				ALWAYS_SEARCH_USER_PATHS = NO;
				CLANG_ANALYZER_NONNULL = YES;
				CLANG_ANALYZER_NUMBER_OBJECT_CONVERSION = YES_AGGRESSIVE;
				CLANG_CXX_LANGUAGE_STANDARD = "gnu++14";
				CLANG_CXX_LIBRARY = "libc++";
				CLANG_ENABLE_MODULES = YES;
				CLANG_ENABLE_OBJC_ARC = YES;
				CLANG_ENABLE_OBJC_WEAK = YES;
				CLANG_WARN_BLOCK_CAPTURE_AUTORELEASING = YES;
				CLANG_WARN_BOOL_CONVERSION = YES;
				CLANG_WARN_COMMA = YES;
				CLANG_WARN_CONSTANT_CONVERSION = YES;
				CLANG_WARN_DEPRECATED_OBJC_IMPLEMENTATIONS = YES;
				CLANG_WARN_DIRECT_OBJC_ISA_USAGE = YES_ERROR;
				CLANG_WARN_DOCUMENTATION_COMMENTS = YES;
				CLANG_WARN_EMPTY_BODY = YES;
				CLANG_WARN_ENUM_CONVERSION = YES;
				CLANG_WARN_INFINITE_RECURSION = YES;
				CLANG_WARN_INT_CONVERSION = YES;
				CLANG_WARN_NON_LITERAL_NULL_CONVERSION = YES;
				CLANG_WARN_OBJC_IMPLICIT_RETAIN_SELF = YES;
				CLANG_WARN_OBJC_LITERAL_CONVERSION = YES;
				CLANG_WARN_OBJC_ROOT_CLASS = YES_ERROR;
				CLANG_WARN_QUOTED_INCLUDE_IN_FRAMEWORK_HEADER = YES;
				CLANG_WARN_RANGE_LOOP_ANALYSIS = YES;
				CLANG_WARN_STRICT_PROTOTYPES = YES;
				CLANG_WARN_SUSPICIOUS_MOVE = YES;
				CLANG_WARN_UNGUARDED_AVAILABILITY = YES_AGGRESSIVE;
				CLANG_WARN_UNREACHABLE_CODE = YES;
				CLANG_WARN__DUPLICATE_METHOD_MATCH = YES;
				COPY_PHASE_STRIP = NO;
				DEBUG_INFORMATION_FORMAT = dwarf;
				ENABLE_STRICT_OBJC_MSGSEND = YES;
				ENABLE_TESTABILITY = YES;
				GCC_C_LANGUAGE_STANDARD = gnu11;
				GCC_DYNAMIC_NO_PIC = NO;
				GCC_NO_COMMON_BLOCKS = YES;
				GCC_OPTIMIZATION_LEVEL = 0;
				GCC_PREPROCESSOR_DEFINITIONS = (
					"DEBUG=1",
					"$(inherited)",
				);
				GCC_WARN_64_TO_32_BIT_CONVERSION = YES;
				GCC_WARN_ABOUT_RETURN_TYPE = YES_ERROR;
				GCC_WARN_UNDECLARED_SELECTOR = YES;
				GCC_WARN_UNINITIALIZED_AUTOS = YES_AGGRESSIVE;
				GCC_WARN_UNUSED_FUNCTION = YES;
				GCC_WARN_UNUSED_VARIABLE = YES;
				IPHONEOS_DEPLOYMENT_TARGET = 14.5;
				MTL_ENABLE_DEBUG_INFO = INCLUDE_SOURCE;
				MTL_FAST_MATH = YES;
				ONLY_ACTIVE_ARCH = YES;
				SDKROOT = iphoneos;
				SWIFT_ACTIVE_COMPILATION_CONDITIONS = DEBUG;
				SWIFT_OPTIMIZATION_LEVEL = "-Onone";
			};
			name = Debug;
		};
		AA808A8F2677B1880046FB43 /* Release */ = {
			isa = XCBuildConfiguration;
			buildSettings = {
				ALWAYS_SEARCH_USER_PATHS = NO;
				CLANG_ANALYZER_NONNULL = YES;
				CLANG_ANALYZER_NUMBER_OBJECT_CONVERSION = YES_AGGRESSIVE;
				CLANG_CXX_LANGUAGE_STANDARD = "gnu++14";
				CLANG_CXX_LIBRARY = "libc++";
				CLANG_ENABLE_MODULES = YES;
				CLANG_ENABLE_OBJC_ARC = YES;
				CLANG_ENABLE_OBJC_WEAK = YES;
				CLANG_WARN_BLOCK_CAPTURE_AUTORELEASING = YES;
				CLANG_WARN_BOOL_CONVERSION = YES;
				CLANG_WARN_COMMA = YES;
				CLANG_WARN_CONSTANT_CONVERSION = YES;
				CLANG_WARN_DEPRECATED_OBJC_IMPLEMENTATIONS = YES;
				CLANG_WARN_DIRECT_OBJC_ISA_USAGE = YES_ERROR;
				CLANG_WARN_DOCUMENTATION_COMMENTS = YES;
				CLANG_WARN_EMPTY_BODY = YES;
				CLANG_WARN_ENUM_CONVERSION = YES;
				CLANG_WARN_INFINITE_RECURSION = YES;
				CLANG_WARN_INT_CONVERSION = YES;
				CLANG_WARN_NON_LITERAL_NULL_CONVERSION = YES;
				CLANG_WARN_OBJC_IMPLICIT_RETAIN_SELF = YES;
				CLANG_WARN_OBJC_LITERAL_CONVERSION = YES;
				CLANG_WARN_OBJC_ROOT_CLASS = YES_ERROR;
				CLANG_WARN_QUOTED_INCLUDE_IN_FRAMEWORK_HEADER = YES;
				CLANG_WARN_RANGE_LOOP_ANALYSIS = YES;
				CLANG_WARN_STRICT_PROTOTYPES = YES;
				CLANG_WARN_SUSPICIOUS_MOVE = YES;
				CLANG_WARN_UNGUARDED_AVAILABILITY = YES_AGGRESSIVE;
				CLANG_WARN_UNREACHABLE_CODE = YES;
				CLANG_WARN__DUPLICATE_METHOD_MATCH = YES;
				COPY_PHASE_STRIP = NO;
				DEBUG_INFORMATION_FORMAT = "dwarf-with-dsym";
				ENABLE_NS_ASSERTIONS = NO;
				ENABLE_STRICT_OBJC_MSGSEND = YES;
				GCC_C_LANGUAGE_STANDARD = gnu11;
				GCC_NO_COMMON_BLOCKS = YES;
				GCC_WARN_64_TO_32_BIT_CONVERSION = YES;
				GCC_WARN_ABOUT_RETURN_TYPE = YES_ERROR;
				GCC_WARN_UNDECLARED_SELECTOR = YES;
				GCC_WARN_UNINITIALIZED_AUTOS = YES_AGGRESSIVE;
				GCC_WARN_UNUSED_FUNCTION = YES;
				GCC_WARN_UNUSED_VARIABLE = YES;
				IPHONEOS_DEPLOYMENT_TARGET = 14.5;
				MTL_ENABLE_DEBUG_INFO = NO;
				MTL_FAST_MATH = YES;
				SDKROOT = iphoneos;
				SWIFT_COMPILATION_MODE = wholemodule;
				SWIFT_OPTIMIZATION_LEVEL = "-O";
				VALIDATE_PRODUCT = YES;
			};
			name = Release;
		};
		AA808A912677B1880046FB43 /* Debug */ = {
			isa = XCBuildConfiguration;
			buildSettings = {
				ASSETCATALOG_COMPILER_APPICON_NAME = AppIcon;
				ASSETCATALOG_COMPILER_GLOBAL_ACCENT_COLOR_NAME = AccentColor;
				CODE_SIGN_STYLE = Automatic;
				DEVELOPMENT_TEAM = XA96DJZ7VH;
				INFOPLIST_FILE = SuperheroLibrary/Info.plist;
				LD_RUNPATH_SEARCH_PATHS = (
					"$(inherited)",
					"@executable_path/Frameworks",
				);
				PRODUCT_BUNDLE_IDENTIFIER = Andersen.SuperheroLibrary;
				PRODUCT_NAME = "$(TARGET_NAME)";
				SWIFT_VERSION = 5.0;
				TARGETED_DEVICE_FAMILY = "1,2";
			};
			name = Debug;
		};
		AA808A922677B1880046FB43 /* Release */ = {
			isa = XCBuildConfiguration;
			buildSettings = {
				ASSETCATALOG_COMPILER_APPICON_NAME = AppIcon;
				ASSETCATALOG_COMPILER_GLOBAL_ACCENT_COLOR_NAME = AccentColor;
				CODE_SIGN_STYLE = Automatic;
				DEVELOPMENT_TEAM = XA96DJZ7VH;
				INFOPLIST_FILE = SuperheroLibrary/Info.plist;
				LD_RUNPATH_SEARCH_PATHS = (
					"$(inherited)",
					"@executable_path/Frameworks",
				);
				PRODUCT_BUNDLE_IDENTIFIER = Andersen.SuperheroLibrary;
				PRODUCT_NAME = "$(TARGET_NAME)";
				SWIFT_VERSION = 5.0;
				TARGETED_DEVICE_FAMILY = "1,2";
			};
			name = Release;
		};
/* End XCBuildConfiguration section */

/* Begin XCConfigurationList section */
		AA808A772677B1870046FB43 /* Build configuration list for PBXProject "SuperheroLibrary" */ = {
			isa = XCConfigurationList;
			buildConfigurations = (
				AA808A8E2677B1880046FB43 /* Debug */,
				AA808A8F2677B1880046FB43 /* Release */,
			);
			defaultConfigurationIsVisible = 0;
			defaultConfigurationName = Release;
		};
		AA808A902677B1880046FB43 /* Build configuration list for PBXNativeTarget "SuperheroLibrary" */ = {
			isa = XCConfigurationList;
			buildConfigurations = (
				AA808A912677B1880046FB43 /* Debug */,
				AA808A922677B1880046FB43 /* Release */,
			);
			defaultConfigurationIsVisible = 0;
			defaultConfigurationName = Release;
		};
/* End XCConfigurationList section */
	};
	rootObject = AA808A742677B1870046FB43 /* Project object */;
}
